
Microsoft Visual Studio Solution File, Format Version 12.00
# Visual Studio Version 16
VisualStudioVersion = 16.0.30621.155
MinimumVisualStudioVersion = 10.0.40219.1
Project("{FAE04EC0-301F-11D3-BF4B-00C04F79EFBC}") = "Football", "Football\Football.csproj", "{369AD359-5BD3-4BAC-929B-322BEF196267}"
EndProject
Global
	GlobalSection(SolutionConfigurationPlatforms) = preSolution
		Debug|Any CPU = Debug|Any CPU
		Release|Any CPU = Release|Any CPU
	EndGlobalSection
	GlobalSection(ProjectConfigurationPlatforms) = postSolution
		{369AD359-5BD3-4BAC-929B-322BEF196267}.Debug|Any CPU.ActiveCfg = Debug|Any CPU
		{369AD359-5BD3-4BAC-929B-322BEF196267}.Debug|Any CPU.Build.0 = Debug|Any CPU
		{369AD359-5BD3-4BAC-929B-322BEF196267}.Release|Any CPU.ActiveCfg = Release|Any CPU
		{369AD359-5BD3-4BAC-929B-322BEF196267}.Release|Any CPU.Build.0 = Release|Any CPU
	EndGlobalSection
	GlobalSection(SolutionProperties) = preSolution
		HideSolutionNode = FALSE
	EndGlobalSection
	GlobalSection(ExtensibilityGlobals) = postSolution
		SolutionGuid = {0AA001BF-49D9-4984-B0A8-1EDA6BF8BB07}
	EndGlobalSection
EndGlobal
